
Microsoft Visual Studio Solution File, Format Version 12.00
# Visual Studio Version 17
VisualStudioVersion = 17.7.34009.444
MinimumVisualStudioVersion = 10.0.40219.1
Project("{FAE04EC0-301F-11D3-BF4B-00C04F79EFBC}") = "JavierB", "JavierB\JavierB.csproj", "{2DD78DB1-F361-4B41-A4C0-97D5BB0B68F4}"
EndProject
Global
	GlobalSection(SolutionConfigurationPlatforms) = preSolution
		Debug|Any CPU = Debug|Any CPU
		Release|Any CPU = Release|Any CPU
	EndGlobalSection
	GlobalSection(ProjectConfigurationPlatforms) = postSolution
		{2DD78DB1-F361-4B41-A4C0-97D5BB0B68F4}.Debug|Any CPU.ActiveCfg = Debug|Any CPU
		{2DD78DB1-F361-4B41-A4C0-97D5BB0B68F4}.Debug|Any CPU.Build.0 = Debug|Any CPU
		{2DD78DB1-F361-4B41-A4C0-97D5BB0B68F4}.Release|Any CPU.ActiveCfg = Release|Any CPU
		{2DD78DB1-F361-4B41-A4C0-97D5BB0B68F4}.Release|Any CPU.Build.0 = Release|Any CPU
	EndGlobalSection
	GlobalSection(SolutionProperties) = preSolution
		HideSolutionNode = FALSE
	EndGlobalSection
	GlobalSection(ExtensibilityGlobals) = postSolution
		SolutionGuid = {D7EDDE45-285D-40CF-90E0-9A127CA92AB1}
	EndGlobalSection
EndGlobal
